Microsoft Visual Studio Solution File, Format Version 12.00
# Visual Studio Version 17
VisualStudioVersion = 17.5.2.0
MinimumVisualStudioVersion = 10.0.40219.1
Project("{FAE04EC0-301F-11D3-BF4B-00C04F79EFBC}") = "AzureContainerApps.AppHost", "AzureContainerApps.AppHost.csproj", "{727519F0-9F3A-5D2A-0910-7F0F34615FEF}"
EndProject
Global
	GlobalSection(SolutionConfigurationPlatforms) = preSolution
		Debug|Any CPU = Debug|Any CPU
		Release|Any CPU = Release|Any CPU
	EndGlobalSection
	GlobalSection(ProjectConfigurationPlatforms) = postSolution
		{727519F0-9F3A-5D2A-0910-7F0F34615FEF}.Debug|Any CPU.ActiveCfg = Debug|Any CPU
		{727519F0-9F3A-5D2A-0910-7F0F34615FEF}.Debug|Any CPU.Build.0 = Debug|Any CPU
		{727519F0-9F3A-5D2A-0910-7F0F34615FEF}.Release|Any CPU.ActiveCfg = Release|Any CPU
		{727519F0-9F3A-5D2A-0910-7F0F34615FEF}.Release|Any CPU.Build.0 = Release|Any CPU
	EndGlobalSection
	GlobalSection(SolutionProperties) = preSolution
		HideSolutionNode = FALSE
	EndGlobalSection
	GlobalSection(ExtensibilityGlobals) = postSolution
		SolutionGuid = {41ADD033-B636-4440-A1E3-2D4FC1357EC4}
	EndGlobalSection
EndGlobal
