
Microsoft Visual Studio Solution File, Format Version 12.00
# Visual Studio Version 17
VisualStudioVersion = 17.8.34017.361
MinimumVisualStudioVersion = 10.0.40219.1
Project("{FAE04EC0-301F-11D3-BF4B-00C04F79EFBC}") = "PATGenerators", "PATGenerators.csproj", "{16CB3376-8B77-4459-B2D9-B0148F79A305}"
EndProject
Global
	GlobalSection(SolutionConfigurationPlatforms) = preSolution
		Debug|Any CPU = Debug|Any CPU
		Release|Any CPU = Release|Any CPU
	EndGlobalSection
	GlobalSection(ProjectConfigurationPlatforms) = postSolution
		{16CB3376-8B77-4459-B2D9-B0148F79A305}.Debug|Any CPU.ActiveCfg = Debug|Any CPU
		{16CB3376-8B77-4459-B2D9-B0148F79A305}.Debug|Any CPU.Build.0 = Debug|Any CPU
		{16CB3376-8B77-4459-B2D9-B0148F79A305}.Release|Any CPU.ActiveCfg = Release|Any CPU
		{16CB3376-8B77-4459-B2D9-B0148F79A305}.Release|Any CPU.Build.0 = Release|Any CPU
	EndGlobalSection
	GlobalSection(SolutionProperties) = preSolution
		HideSolutionNode = FALSE
	EndGlobalSection
	GlobalSection(ExtensibilityGlobals) = postSolution
		SolutionGuid = {5EB512DE-63FC-43A7-A5B3-B6AB33611D87}
	EndGlobalSection
EndGlobal
