
Microsoft Visual Studio Solution File, Format Version 12.00
# Visual Studio Version 17
VisualStudioVersion = 17.0.31903.59
MinimumVisualStudioVersion = 10.0.40219.1
Project("{9A19103F-16F7-4668-BE54-9A1E7A4F7556}") = "Aspire.Hosting", "src\Aspire.Hosting\Aspire.Hosting.csproj", "{B52DCF1A-465D-4E92-A68A-0EE1A9ED49DF}"
EndProject
Project("{9A19103F-16F7-4668-BE54-9A1E7A4F7556}") = "MyFrontend", "samples\eShopLite\MyFrontend\MyFrontend.csproj", "{E958BE04-81C2-434C-9E6C-CA145A2B8218}"
EndProject
Project("{9A19103F-16F7-4668-BE54-9A1E7A4F7556}") = "AppHost", "samples\eShopLite\AppHost\AppHost.csproj", "{C1D595AD-FFFD-4E52-AAF6-8DD8C4BD67F1}"
EndProject
Project("{2150E333-8FDC-42A3-9474-1A3956D46DE8}") = "samples", "samples", "{D173887B-AF42-4576-B9C1-96B9E9B3D9C0}"
EndProject
Project("{9A19103F-16F7-4668-BE54-9A1E7A4F7556}") = "ServiceDefaults", "samples\eShopLite\ServiceDefaults\ServiceDefaults.csproj", "{C7B2309C-073A-4552-A508-A69768B64C6F}"
EndProject
Project("{9A19103F-16F7-4668-BE54-9A1E7A4F7556}") = "CatalogService", "samples\eShopLite\CatalogService\CatalogService.csproj", "{6D04BB34-1CC6-4FF3-A02A-1FFAC2A7A4F3}"
EndProject
Project("{9A19103F-16F7-4668-BE54-9A1E7A4F7556}") = "BasketService", "samples\eShopLite\BasketService\BasketService.csproj", "{3FC74EA6-D554-4A87-AED5-A08FE407BBF4}"
EndProject
Project("{9A19103F-16F7-4668-BE54-9A1E7A4F7556}") = "ApiGateway", "samples\eShopLite\ApiGateway\ApiGateway.csproj", "{934625C7-243F-4659-9421-515301CF0263}"
EndProject
Project("{9A19103F-16F7-4668-BE54-9A1E7A4F7556}") = "Aspire.StackExchange.Redis", "src\Components\Aspire.StackExchange.Redis\Aspire.StackExchange.Redis.csproj", "{7D4A7A84-B297-4777-9E2A-D8B1C427CAC7}"
EndProject
Project("{2150E333-8FDC-42A3-9474-1A3956D46DE8}") = "Components", "Components", "{27381127-6C45-4B4C-8F18-41FF48DFE4B2}"
EndProject
Project("{9A19103F-16F7-4668-BE54-9A1E7A4F7556}") = "Microsoft.Extensions.ServiceDiscovery.Abstractions", "src\Microsoft.Extensions.ServiceDiscovery.Abstractions\Microsoft.Extensions.ServiceDiscovery.Abstractions.csproj", "{145E569B-633F-4FF0-B273-CB1D3B49B9F2}"
EndProject
Project("{9A19103F-16F7-4668-BE54-9A1E7A4F7556}") = "Microsoft.Extensions.ServiceDiscovery", "src\Microsoft.Extensions.ServiceDiscovery\Microsoft.Extensions.ServiceDiscovery.csproj", "{7570F683-EB48-467F-B1B1-70FF0153F52B}"
EndProject
Project("{9A19103F-16F7-4668-BE54-9A1E7A4F7556}") = "Microsoft.Extensions.ServiceDiscovery.Dns", "src\Microsoft.Extensions.ServiceDiscovery.Dns\Microsoft.Extensions.ServiceDiscovery.Dns.csproj", "{327CB76F-3BB8-4955-A01D-CD8553AD36CC}"
EndProject
Project("{2150E333-8FDC-42A3-9474-1A3956D46DE8}") = "ServiceDiscovery", "ServiceDiscovery", "{63BB22D3-0FAC-4E87-BF9D-9FA2441684C9}"
EndProject
Project("{2150E333-8FDC-42A3-9474-1A3956D46DE8}") = "Hosting", "Hosting", "{B80354C7-BE58-43F6-8928-9F3A74AB7F47}"
EndProject
Project("{9A19103F-16F7-4668-BE54-9A1E7A4F7556}") = "Aspire.Hosting.Azure", "src\Aspire.Hosting.Azure\Aspire.Hosting.Azure.csproj", "{B38EBDC8-9255-4AC2-A10E-5C908D4BE862}"
EndProject
Project("{2150E333-8FDC-42A3-9474-1A3956D46DE8}") = "tests", "tests", "{4981B3A5-4AFD-4191-BF7D-8692D9783D60}"
EndProject
Project("{9A19103F-16F7-4668-BE54-9A1E7A4F7556}") = "Aspire.Npgsql.EntityFrameworkCore.PostgreSQL.Tests", "tests\Aspire.Npgsql.EntityFrameworkCore.PostgreSQL.Tests\Aspire.Npgsql.EntityFrameworkCore.PostgreSQL.Tests.csproj", "{5A7D4F1C-98CB-45D5-955E-A601CFA70884}"
EndProject
Project("{9A19103F-16F7-4668-BE54-9A1E7A4F7556}") = "Aspire.Azure.Messaging.ServiceBus", "src\Components\Aspire.Azure.Messaging.ServiceBus\Aspire.Azure.Messaging.ServiceBus.csproj", "{CC9CD371-9909-4101-83F1-22C7C2617DE4}"
EndProject
Project("{9A19103F-16F7-4668-BE54-9A1E7A4F7556}") = "OrderProcessor", "samples\eShopLite\OrderProcessor\OrderProcessor.csproj", "{955EDC6D-11A3-4408-9C00-7BFE140AD597}"
EndProject
Project("{9A19103F-16F7-4668-BE54-9A1E7A4F7556}") = "Aspire.Npgsql.EntityFrameworkCore.PostgreSQL", "src\Components\Aspire.Npgsql.EntityFrameworkCore.PostgreSQL\Aspire.Npgsql.EntityFrameworkCore.PostgreSQL.csproj", "{0F505BE9-42FE-49EC-93CC-57584C4C9671}"
EndProject
Project("{9A19103F-16F7-4668-BE54-9A1E7A4F7556}") = "Aspire.Microsoft.Data.SqlClient", "src\Components\Aspire.Microsoft.Data.SqlClient\Aspire.Microsoft.Data.SqlClient.csproj", "{47714F18-6CEC-4F61-92BC-BAE60C619F61}"
EndProject
Project("{9A19103F-16F7-4668-BE54-9A1E7A4F7556}") = "Aspire.Microsoft.EntityFrameworkCore.SqlServer", "src\Components\Aspire.Microsoft.EntityFrameworkCore.SqlServer\Aspire.Microsoft.EntityFrameworkCore.SqlServer.csproj", "{39AD3DBA-6B79-44FC-9637-232544D0CA46}"
EndProject
Project("{9A19103F-16F7-4668-BE54-9A1E7A4F7556}") = "Aspire.Azure.Security.KeyVault", "src\Components\Aspire.Azure.Security.KeyVault\Aspire.Azure.Security.KeyVault.csproj", "{0C97F423-DAAE-4B63-B1B1-CB85E2840B98}"
EndProject
Project("{9A19103F-16F7-4668-BE54-9A1E7A4F7556}") = "Aspire.Azure.Security.KeyVault.Tests", "tests\Aspire.Azure.Security.KeyVault.Tests\Aspire.Azure.Security.KeyVault.Tests.csproj", "{23075FC1-D893-434D-9A20-02870B96ABA7}"
EndProject
Project("{9A19103F-16F7-4668-BE54-9A1E7A4F7556}") = "Aspire.Components.Common.Tests", "tests\Aspire.Components.Common.Tests\Aspire.Components.Common.Tests.csproj", "{F371C3EE-8AB3-4261-A5F2-9A1FF77ADC19}"
EndProject
Project("{9A19103F-16F7-4668-BE54-9A1E7A4F7556}") = "Aspire.StackExchange.Redis.Tests", "tests\Aspire.StackExchange.Redis.Tests\Aspire.StackExchange.Redis.Tests.csproj", "{6E7B2D62-A1A4-4232-8FA9-DB01A454B9C1}"
EndProject
Project("{9A19103F-16F7-4668-BE54-9A1E7A4F7556}") = "Aspire.Azure.Messaging.ServiceBus.Tests", "tests\Aspire.Azure.Messaging.ServiceBus.Tests\Aspire.Azure.Messaging.ServiceBus.Tests.csproj", "{26E8EA4C-D3A6-4C6A-900D-2AA2C80D0AAF}"
EndProject
Project("{2150E333-8FDC-42A3-9474-1A3956D46DE8}") = "ServiceDiscovery", "ServiceDiscovery", "{7C4F0F84-BAEC-469D-A3BC-28209B2C11AC}"
EndProject
Project("{9A19103F-16F7-4668-BE54-9A1E7A4F7556}") = "Microsoft.Extensions.ServiceDiscovery.Tests", "tests\Microsoft.Extensions.ServiceDiscovery.Tests\Microsoft.Extensions.ServiceDiscovery.Tests.csproj", "{CD7BF1EC-ABF9-48DE-8683-353216DB4958}"
EndProject
Project("{9A19103F-16F7-4668-BE54-9A1E7A4F7556}") = "Microsoft.Extensions.ServiceDiscovery.Dns.Tests", "tests\Microsoft.Extensions.ServiceDiscovery.Dns.Tests\Microsoft.Extensions.ServiceDiscovery.Dns.Tests.csproj", "{845B39FE-A982-44EB-A4DB-CCCD93CBF261}"
EndProject
Project("{9A19103F-16F7-4668-BE54-9A1E7A4F7556}") = "Aspire.ProjectTemplates", "src\Aspire.ProjectTemplates\Aspire.ProjectTemplates.csproj", "{29012D95-AA39-4DC9-AFAA-2FC3A8CDEF33}"
EndProject
Project("{9A19103F-16F7-4668-BE54-9A1E7A4F7556}") = "Aspire.Npgsql", "src\Components\Aspire.Npgsql\Aspire.Npgsql.csproj", "{AC5970BF-7A71-4CFE-BC21-8E597ECD347C}"
EndProject
Project("{9A19103F-16F7-4668-BE54-9A1E7A4F7556}") = "Aspire.Dashboard", "src\Aspire.Dashboard\Aspire.Dashboard.csproj", "{D403DB4A-ABFC-4B13-A920-C6AC9B3EEE0B}"
EndProject
Project("{9A19103F-16F7-4668-BE54-9A1E7A4F7556}") = "Aspire.Azure.Data.Tables", "src\Components\Aspire.Azure.Data.Tables\Aspire.Azure.Data.Tables.csproj", "{88A89C15-11DF-4F32-AA61-6896AF09F470}"
EndProject
Project("{9A19103F-16F7-4668-BE54-9A1E7A4F7556}") = "Aspire.Azure.Data.Tables.Tests", "tests\Aspire.Azure.Data.Tables.Tests\Aspire.Azure.Data.Tables.Tests.csproj", "{06D5A9E7-8CAA-4F0F-A41E-8C97D2FF8542}"
EndProject
Project("{9A19103F-16F7-4668-BE54-9A1E7A4F7556}") = "Aspire.Azure.Storage.Blobs", "src\Components\Aspire.Azure.Storage.Blobs\Aspire.Azure.Storage.Blobs.csproj", "{2E1E217C-A836-49E3-B655-6E42AD3E7943}"
EndProject
Project("{9A19103F-16F7-4668-BE54-9A1E7A4F7556}") = "Aspire.Azure.Storage.Blobs.Tests", "tests\Aspire.Azure.Storage.Blobs.Tests\Aspire.Azure.Storage.Blobs.Tests.csproj", "{59B8C4DE-FB94-4670-9DDE-B04F461219CB}"
EndProject
Project("{9A19103F-16F7-4668-BE54-9A1E7A4F7556}") = "Aspire.Azure.Storage.Queues", "src\Components\Aspire.Azure.Storage.Queues\Aspire.Azure.Storage.Queues.csproj", "{FFFD251E-F555-4008-A759-5727784B0C98}"
EndProject
Project("{9A19103F-16F7-4668-BE54-9A1E7A4F7556}") = "Aspire.Azure.Storage.Queues.Tests", "tests\Aspire.Azure.Storage.Queues.Tests\Aspire.Azure.Storage.Queues.Tests.csproj", "{E0E0D5C0-E8D1-458E-9C3A-F0B858BBAD3B}"
EndProject
Project("{9A19103F-16F7-4668-BE54-9A1E7A4F7556}") = "Microsoft.Extensions.ServiceDiscovery.Yarp", "src\Microsoft.Extensions.ServiceDiscovery.Yarp\Microsoft.Extensions.ServiceDiscovery.Yarp.csproj", "{EEED6AD9-6FC3-4483-B44E-691FF2DECFAF}"
EndProject
Project("{9A19103F-16F7-4668-BE54-9A1E7A4F7556}") = "Aspire.StackExchange.Redis.OutputCaching", "src\Components\Aspire.StackExchange.Redis.OutputCaching\Aspire.StackExchange.Redis.OutputCaching.csproj", "{A3262B32-E4F6-4F95-9BB9-D522F798C0D3}"
EndProject
Project("{9A19103F-16F7-4668-BE54-9A1E7A4F7556}") = "Aspire.StackExchange.Redis.OutputCaching.Tests", "tests\Aspire.StackExchange.Redis.OutputCaching.Tests\Aspire.StackExchange.Redis.OutputCaching.Tests.csproj", "{B130B8E2-BF6E-4541-856F-F51558F8050A}"
EndProject
Project("{9A19103F-16F7-4668-BE54-9A1E7A4F7556}") = "Aspire.StackExchange.Redis.DistributedCaching", "src\Components\Aspire.StackExchange.Redis.DistributedCaching\Aspire.StackExchange.Redis.DistributedCaching.csproj", "{1CB79745-8A58-4AE7-B6C8-2362DCDB1CA6}"
EndProject
Project("{9A19103F-16F7-4668-BE54-9A1E7A4F7556}") = "Aspire.StackExchange.Redis.DistributedCaching.Tests", "tests\Aspire.StackExchange.Redis.DistributedCaching.Tests\Aspire.StackExchange.Redis.DistributedCaching.Tests.csproj", "{56D1697B-8CF9-4994-A484-060878821F9D}"
EndProject
Project("{9A19103F-16F7-4668-BE54-9A1E7A4F7556}") = "Aspire.Hosting.Tests", "tests\Aspire.Hosting.Tests\Aspire.Hosting.Tests.csproj", "{D3B3AFFF-211A-4450-AE5E-055BD1323D2E}"
EndProject
Project("{9A19103F-16F7-4668-BE54-9A1E7A4F7556}") = "TestProject.AppHost", "tests\testproject\TestProject.AppHost\TestProject.AppHost.csproj", "{C3BA722D-B03F-465B-BC47-421CA97B97E0}"
EndProject
Project("{2150E333-8FDC-42A3-9474-1A3956D46DE8}") = "testproject", "testproject", "{975F6F41-B455-451D-A312-098DE4A167B6}"
EndProject
Project("{9A19103F-16F7-4668-BE54-9A1E7A4F7556}") = "TestProject.ServiceA", "tests\testproject\TestProject.ServiceA\TestProject.ServiceA.csproj", "{31F5E4F3-AC4E-4538-BC7D-85BCF9CA686A}"
EndProject
Project("{9A19103F-16F7-4668-BE54-9A1E7A4F7556}") = "TestProject.ServiceB", "tests\testproject\TestProject.ServiceB\TestProject.ServiceB.csproj", "{A37AAFDB-545B-4599-806A-EFCB8B310446}"
EndProject
Project("{9A19103F-16F7-4668-BE54-9A1E7A4F7556}") = "TestProject.ServiceC", "tests\testproject\TestProject.ServiceC\TestProject.ServiceC.csproj", "{8CB12764-E469-4BB5-8554-5F9CA0F6DE18}"
EndProject
Project("{9A19103F-16F7-4668-BE54-9A1E7A4F7556}") = "Aspire.Dashboard.Tests", "tests\Aspire.Dashboard.Tests\Aspire.Dashboard.Tests.csproj", "{1ABCD945-5CAA-4F30-A741-7A9DA919254A}"
EndProject
Project("{2150E333-8FDC-42A3-9474-1A3956D46DE8}") = "Workload", "Workload", "{F534D4F8-5E3A-42FC-BCD7-4C2D6060F9C8}"
EndProject
Project("{9A19103F-16F7-4668-BE54-9A1E7A4F7556}") = "Microsoft.NET.Sdk.Aspire", "src\Microsoft.NET.Sdk.Aspire\Microsoft.NET.Sdk.Aspire.csproj", "{8C6877C0-3CB2-4B99-B8BD-1B7D0CADB543}"
EndProject
Project("{9A19103F-16F7-4668-BE54-9A1E7A4F7556}") = "Aspire.Hosting.Sdk", "src\Aspire.Hosting.Sdk\Aspire.Hosting.Sdk.csproj", "{E20280B8-8BE0-4967-AFC2-65FFCD6EC5E4}"
EndProject
Project("{9A19103F-16F7-4668-BE54-9A1E7A4F7556}") = "Aspire.Npgsql.Tests", "tests\Aspire.Npgsql.Tests\Aspire.Npgsql.Tests.csproj", "{6EAA089D-7ADD-4C74-B040-FD3D75DB5C75}"
EndProject
Project("{9A19103F-16F7-4668-BE54-9A1E7A4F7556}") = "Aspire.Microsoft.Data.SqlClient.Tests", "tests\Aspire.Microsoft.Data.SqlClient.Tests\Aspire.Microsoft.Data.SqlClient.Tests.csproj", "{9D9C360B-9DF1-4076-8416-66964427C8F3}"
EndProject
Project("{9A19103F-16F7-4668-BE54-9A1E7A4F7556}") = "Aspire.Microsoft.EntityFrameworkCore.SqlServer.Tests", "tests\Aspire.Microsoft.EntityFrameworkCore.SqlServer.Tests\Aspire.Microsoft.EntityFrameworkCore.SqlServer.Tests.csproj", "{67B9A8E4-7F51-4419-85BC-4BB0C2E67E71}"
EndProject
Project("{2150E333-8FDC-42A3-9474-1A3956D46DE8}") = "dapr", "dapr", "{57A42144-739E-49A7-BADB-BB8F5F20FA17}"
EndProject
Project("{9A19103F-16F7-4668-BE54-9A1E7A4F7556}") = "DaprServiceA", "samples\dapr\ServiceA\DaprServiceA.csproj", "{185BCD98-BD26-4535-BE6E-44AAA4F7C145}"
EndProject
Project("{9A19103F-16F7-4668-BE54-9A1E7A4F7556}") = "DaprServiceB", "samples\dapr\ServiceB\DaprServiceB.csproj", "{B1D88C56-46EB-4171-A997-56E67875CF80}"
EndProject
Project("{9A19103F-16F7-4668-BE54-9A1E7A4F7556}") = "DaprAppHost", "samples\dapr\AppHost\DaprAppHost.csproj", "{8EB719EE-38E4-4FAD-B3E5-F71FA7F7A3EB}"
EndProject
Project("{9A19103F-16F7-4668-BE54-9A1E7A4F7556}") = "Aspire.Hosting.Dapr", "src\Aspire.Hosting.Dapr\Aspire.Hosting.Dapr.csproj", "{E2EC79D0-80F7-4471-9613-D7C8C3D52F95}"
EndProject
Project("{9A19103F-16F7-4668-BE54-9A1E7A4F7556}") = "Aspire.Hosting.Azure.Provisioning", "src\Aspire.Hosting.Azure.Provisioning\Aspire.Hosting.Azure.Provisioning.csproj", "{D4BD974F-6505-43FC-A94E-2019F0DB5D5D}"
EndProject
Project("{2150E333-8FDC-42A3-9474-1A3956D46DE8}") = "eShopLite", "eShopLite", "{A68BA1A5-1604-433D-9778-DC0199831C2A}"
EndProject
Project("{9A19103F-16F7-4668-BE54-9A1E7A4F7556}") = "Aspire.Microsoft.Azure.Cosmos", "src\Components\Aspire.Microsoft.Azure.Cosmos\Aspire.Microsoft.Azure.Cosmos.csproj", "{23298562-C1D4-41CD-83FE-426C94FEE35F}"
EndProject
Project("{9A19103F-16F7-4668-BE54-9A1E7A4F7556}") = "Aspire.Microsoft.EntityFrameworkCore.Cosmos", "src\Components\Aspire.Microsoft.EntityFrameworkCore.Cosmos\Aspire.Microsoft.EntityFrameworkCore.Cosmos.csproj", "{00C9BA50-2AFB-4D9C-A2D6-8154BCCD0A63}"
EndProject
Project("{9A19103F-16F7-4668-BE54-9A1E7A4F7556}") = "Aspire.Microsoft.Azure.Cosmos.Tests", "tests\Aspire.Microsoft.Azure.Cosmos.Tests\Aspire.Microsoft.Azure.Cosmos.Tests.csproj", "{A5836BC1-6A45-4BB6-9D22-A7F750890AB8}"
EndProject
Project("{9A19103F-16F7-4668-BE54-9A1E7A4F7556}") = "Aspire.Microsoft.EntityFrameworkCore.Cosmos.Tests", "tests\Aspire.Microsoft.EntityFrameworkCore.Cosmos.Tests\Aspire.Microsoft.EntityFrameworkCore.Cosmos.Tests.csproj", "{FDA02617-9C49-4DA8-A43A-A34DBA9B8596}"
EndProject
Project("{9A19103F-16F7-4668-BE54-9A1E7A4F7556}") = "CatalogDb", "samples\eShopLite\CatalogDb\CatalogDb.csproj", "{A84C4EE3-2601-4804-BCDC-E9948E164A22}"
EndProject
Project("{2150E333-8FDC-42A3-9474-1A3956D46DE8}") = "Solution Items", "Solution Items", "{991DB378-6CB5-4441-BFC3-657400690FC3}"
	ProjectSection(SolutionItems) = preProject
		Directory.Packages.props = Directory.Packages.props
		spelling.dic = spelling.dic
	EndProjectSection
EndProject
Project("{9A19103F-16F7-4668-BE54-9A1E7A4F7556}") = "Aspire.RabbitMQ.Client", "src\Components\Aspire.RabbitMQ.Client\Aspire.RabbitMQ.Client.csproj", "{4D8A92AB-4E77-4965-AD8E-8E206DCE66A4}"
EndProject
Project("{9A19103F-16F7-4668-BE54-9A1E7A4F7556}") = "Aspire.RabbitMQ.Client.Tests", "tests\Aspire.RabbitMQ.Client.Tests\Aspire.RabbitMQ.Client.Tests.csproj", "{165411FE-755E-4869-A756-F87F455860AC}"
EndProject
Project("{9A19103F-16F7-4668-BE54-9A1E7A4F7556}") = "TestProject.WorkerA", "tests\testproject\TestProject.WorkerA\TestProject.WorkerA.csproj", "{6472D59F-7C04-43DE-AD33-9F20BE3804BF}"
EndProject
Project("{9A19103F-16F7-4668-BE54-9A1E7A4F7556}") = "Aspire.MySqlConnector", "src\Components\Aspire.MySqlConnector\Aspire.MySqlConnector.csproj", "{CA283D7F-EB95-4353-B196-C409965D2B42}"
EndProject
Project("{9A19103F-16F7-4668-BE54-9A1E7A4F7556}") = "Aspire.MySqlConnector.Tests", "tests\Aspire.MySqlConnector.Tests\Aspire.MySqlConnector.Tests.csproj", "{C8079F06-304F-49B1-A0C1-45AA3782A923}"
EndProject
Project("{9A19103F-16F7-4668-BE54-9A1E7A4F7556}") = "TestProject.IntegrationServiceA", "tests\testproject\TestProject.IntegrationServiceA\TestProject.IntegrationServiceA.csproj", "{DCF2D47A-921A-4900-B5B2-CF97B3531CE8}"
EndProject
Project("{2150E333-8FDC-42A3-9474-1A3956D46DE8}") = "Tools", "Tools", "{2136E31D-2CBB-41BB-8618-716FF8E46E9E}"
EndProject
Project("{9A19103F-16F7-4668-BE54-9A1E7A4F7556}") = "ConfigurationSchemaGenerator", "src\Tools\ConfigurationSchemaGenerator\ConfigurationSchemaGenerator.csproj", "{39FA2A64-012F-4EB9-A14F-E8AC54C975F6}"
EndProject
Project("{9A19103F-16F7-4668-BE54-9A1E7A4F7556}") = "Aspire.MongoDB.Driver", "src\Components\Aspire.MongoDB.Driver\Aspire.MongoDB.Driver.csproj", "{20A5A907-A135-4735-B4BF-E13514F360E3}"
EndProject
Project("{9A19103F-16F7-4668-BE54-9A1E7A4F7556}") = "Aspire.MongoDB.Driver.Tests", "tests\Aspire.MongoDB.Driver.Tests\Aspire.MongoDB.Driver.Tests.csproj", "{E592E447-BA3C-44FA-86C1-EBEDC864A644}"
EndProject
Project("{9A19103F-16F7-4668-BE54-9A1E7A4F7556}") = "ConfigurationSchemaGenerator.Tests", "tests\ConfigurationSchemaGenerator.Tests\ConfigurationSchemaGenerator.Tests.csproj", "{00FEA181-84C9-42A7-AC81-29A9F176A1A0}"
EndProject
Global
	GlobalSection(SolutionConfigurationPlatforms) = preSolution
		Debug|Any CPU = Debug|Any CPU
		Release|Any CPU = Release|Any CPU
	EndGlobalSection
	GlobalSection(ProjectConfigurationPlatforms) = postSolution
		{B52DCF1A-465D-4E92-A68A-0EE1A9ED49DF}.Debug|Any CPU.ActiveCfg = Debug|Any CPU
		{B52DCF1A-465D-4E92-A68A-0EE1A9ED49DF}.Debug|Any CPU.Build.0 = Debug|Any CPU
		{B52DCF1A-465D-4E92-A68A-0EE1A9ED49DF}.Release|Any CPU.ActiveCfg = Release|Any CPU
		{B52DCF1A-465D-4E92-A68A-0EE1A9ED49DF}.Release|Any CPU.Build.0 = Release|Any CPU
		{E958BE04-81C2-434C-9E6C-CA145A2B8218}.Debug|Any CPU.ActiveCfg = Debug|Any CPU
		{E958BE04-81C2-434C-9E6C-CA145A2B8218}.Debug|Any CPU.Build.0 = Debug|Any CPU
		{E958BE04-81C2-434C-9E6C-CA145A2B8218}.Release|Any CPU.ActiveCfg = Release|Any CPU
		{E958BE04-81C2-434C-9E6C-CA145A2B8218}.Release|Any CPU.Build.0 = Release|Any CPU
		{C1D595AD-FFFD-4E52-AAF6-8DD8C4BD67F1}.Debug|Any CPU.ActiveCfg = Debug|Any CPU
		{C1D595AD-FFFD-4E52-AAF6-8DD8C4BD67F1}.Debug|Any CPU.Build.0 = Debug|Any CPU
		{C1D595AD-FFFD-4E52-AAF6-8DD8C4BD67F1}.Release|Any CPU.ActiveCfg = Release|Any CPU
		{C1D595AD-FFFD-4E52-AAF6-8DD8C4BD67F1}.Release|Any CPU.Build.0 = Release|Any CPU
		{C7B2309C-073A-4552-A508-A69768B64C6F}.Debug|Any CPU.ActiveCfg = Debug|Any CPU
		{C7B2309C-073A-4552-A508-A69768B64C6F}.Debug|Any CPU.Build.0 = Debug|Any CPU
		{C7B2309C-073A-4552-A508-A69768B64C6F}.Release|Any CPU.ActiveCfg = Release|Any CPU
		{C7B2309C-073A-4552-A508-A69768B64C6F}.Release|Any CPU.Build.0 = Release|Any CPU
		{6D04BB34-1CC6-4FF3-A02A-1FFAC2A7A4F3}.Debug|Any CPU.ActiveCfg = Debug|Any CPU
		{6D04BB34-1CC6-4FF3-A02A-1FFAC2A7A4F3}.Debug|Any CPU.Build.0 = Debug|Any CPU
		{6D04BB34-1CC6-4FF3-A02A-1FFAC2A7A4F3}.Release|Any CPU.ActiveCfg = Release|Any CPU
		{6D04BB34-1CC6-4FF3-A02A-1FFAC2A7A4F3}.Release|Any CPU.Build.0 = Release|Any CPU
		{3FC74EA6-D554-4A87-AED5-A08FE407BBF4}.Debug|Any CPU.ActiveCfg = Debug|Any CPU
		{3FC74EA6-D554-4A87-AED5-A08FE407BBF4}.Debug|Any CPU.Build.0 = Debug|Any CPU
		{3FC74EA6-D554-4A87-AED5-A08FE407BBF4}.Release|Any CPU.ActiveCfg = Release|Any CPU
		{3FC74EA6-D554-4A87-AED5-A08FE407BBF4}.Release|Any CPU.Build.0 = Release|Any CPU
		{934625C7-243F-4659-9421-515301CF0263}.Debug|Any CPU.ActiveCfg = Debug|Any CPU
		{934625C7-243F-4659-9421-515301CF0263}.Debug|Any CPU.Build.0 = Debug|Any CPU
		{934625C7-243F-4659-9421-515301CF0263}.Release|Any CPU.ActiveCfg = Release|Any CPU
		{934625C7-243F-4659-9421-515301CF0263}.Release|Any CPU.Build.0 = Release|Any CPU
		{7D4A7A84-B297-4777-9E2A-D8B1C427CAC7}.Debug|Any CPU.ActiveCfg = Debug|Any CPU
		{7D4A7A84-B297-4777-9E2A-D8B1C427CAC7}.Debug|Any CPU.Build.0 = Debug|Any CPU
		{7D4A7A84-B297-4777-9E2A-D8B1C427CAC7}.Release|Any CPU.ActiveCfg = Release|Any CPU
		{7D4A7A84-B297-4777-9E2A-D8B1C427CAC7}.Release|Any CPU.Build.0 = Release|Any CPU
		{145E569B-633F-4FF0-B273-CB1D3B49B9F2}.Debug|Any CPU.ActiveCfg = Debug|Any CPU
		{145E569B-633F-4FF0-B273-CB1D3B49B9F2}.Debug|Any CPU.Build.0 = Debug|Any CPU
		{145E569B-633F-4FF0-B273-CB1D3B49B9F2}.Release|Any CPU.ActiveCfg = Release|Any CPU
		{145E569B-633F-4FF0-B273-CB1D3B49B9F2}.Release|Any CPU.Build.0 = Release|Any CPU
		{7570F683-EB48-467F-B1B1-70FF0153F52B}.Debug|Any CPU.ActiveCfg = Debug|Any CPU
		{7570F683-EB48-467F-B1B1-70FF0153F52B}.Debug|Any CPU.Build.0 = Debug|Any CPU
		{7570F683-EB48-467F-B1B1-70FF0153F52B}.Release|Any CPU.ActiveCfg = Release|Any CPU
		{7570F683-EB48-467F-B1B1-70FF0153F52B}.Release|Any CPU.Build.0 = Release|Any CPU
		{327CB76F-3BB8-4955-A01D-CD8553AD36CC}.Debug|Any CPU.ActiveCfg = Debug|Any CPU
		{327CB76F-3BB8-4955-A01D-CD8553AD36CC}.Debug|Any CPU.Build.0 = Debug|Any CPU
		{327CB76F-3BB8-4955-A01D-CD8553AD36CC}.Release|Any CPU.ActiveCfg = Release|Any CPU
		{327CB76F-3BB8-4955-A01D-CD8553AD36CC}.Release|Any CPU.Build.0 = Release|Any CPU
		{B38EBDC8-9255-4AC2-A10E-5C908D4BE862}.Debug|Any CPU.ActiveCfg = Debug|Any CPU
		{B38EBDC8-9255-4AC2-A10E-5C908D4BE862}.Debug|Any CPU.Build.0 = Debug|Any CPU
		{B38EBDC8-9255-4AC2-A10E-5C908D4BE862}.Release|Any CPU.ActiveCfg = Release|Any CPU
		{B38EBDC8-9255-4AC2-A10E-5C908D4BE862}.Release|Any CPU.Build.0 = Release|Any CPU
		{5A7D4F1C-98CB-45D5-955E-A601CFA70884}.Debug|Any CPU.ActiveCfg = Debug|Any CPU
		{5A7D4F1C-98CB-45D5-955E-A601CFA70884}.Debug|Any CPU.Build.0 = Debug|Any CPU
		{5A7D4F1C-98CB-45D5-955E-A601CFA70884}.Release|Any CPU.ActiveCfg = Release|Any CPU
		{5A7D4F1C-98CB-45D5-955E-A601CFA70884}.Release|Any CPU.Build.0 = Release|Any CPU
		{CC9CD371-9909-4101-83F1-22C7C2617DE4}.Debug|Any CPU.ActiveCfg = Debug|Any CPU
		{CC9CD371-9909-4101-83F1-22C7C2617DE4}.Debug|Any CPU.Build.0 = Debug|Any CPU
		{CC9CD371-9909-4101-83F1-22C7C2617DE4}.Release|Any CPU.ActiveCfg = Release|Any CPU
		{CC9CD371-9909-4101-83F1-22C7C2617DE4}.Release|Any CPU.Build.0 = Release|Any CPU
		{955EDC6D-11A3-4408-9C00-7BFE140AD597}.Debug|Any CPU.ActiveCfg = Debug|Any CPU
		{955EDC6D-11A3-4408-9C00-7BFE140AD597}.Debug|Any CPU.Build.0 = Debug|Any CPU
		{955EDC6D-11A3-4408-9C00-7BFE140AD597}.Release|Any CPU.ActiveCfg = Release|Any CPU
		{955EDC6D-11A3-4408-9C00-7BFE140AD597}.Release|Any CPU.Build.0 = Release|Any CPU
		{0F505BE9-42FE-49EC-93CC-57584C4C9671}.Debug|Any CPU.ActiveCfg = Debug|Any CPU
		{0F505BE9-42FE-49EC-93CC-57584C4C9671}.Debug|Any CPU.Build.0 = Debug|Any CPU
		{0F505BE9-42FE-49EC-93CC-57584C4C9671}.Release|Any CPU.ActiveCfg = Release|Any CPU
		{0F505BE9-42FE-49EC-93CC-57584C4C9671}.Release|Any CPU.Build.0 = Release|Any CPU
		{47714F18-6CEC-4F61-92BC-BAE60C619F61}.Debug|Any CPU.ActiveCfg = Debug|Any CPU
		{47714F18-6CEC-4F61-92BC-BAE60C619F61}.Debug|Any CPU.Build.0 = Debug|Any CPU
		{47714F18-6CEC-4F61-92BC-BAE60C619F61}.Release|Any CPU.ActiveCfg = Release|Any CPU
		{47714F18-6CEC-4F61-92BC-BAE60C619F61}.Release|Any CPU.Build.0 = Release|Any CPU
		{39AD3DBA-6B79-44FC-9637-232544D0CA46}.Debug|Any CPU.ActiveCfg = Debug|Any CPU
		{39AD3DBA-6B79-44FC-9637-232544D0CA46}.Debug|Any CPU.Build.0 = Debug|Any CPU
		{39AD3DBA-6B79-44FC-9637-232544D0CA46}.Release|Any CPU.ActiveCfg = Release|Any CPU
		{39AD3DBA-6B79-44FC-9637-232544D0CA46}.Release|Any CPU.Build.0 = Release|Any CPU
		{0C97F423-DAAE-4B63-B1B1-CB85E2840B98}.Debug|Any CPU.ActiveCfg = Debug|Any CPU
		{0C97F423-DAAE-4B63-B1B1-CB85E2840B98}.Debug|Any CPU.Build.0 = Debug|Any CPU
		{0C97F423-DAAE-4B63-B1B1-CB85E2840B98}.Release|Any CPU.ActiveCfg = Release|Any CPU
		{0C97F423-DAAE-4B63-B1B1-CB85E2840B98}.Release|Any CPU.Build.0 = Release|Any CPU
		{23075FC1-D893-434D-9A20-02870B96ABA7}.Debug|Any CPU.ActiveCfg = Debug|Any CPU
		{23075FC1-D893-434D-9A20-02870B96ABA7}.Debug|Any CPU.Build.0 = Debug|Any CPU
		{23075FC1-D893-434D-9A20-02870B96ABA7}.Release|Any CPU.ActiveCfg = Release|Any CPU
		{23075FC1-D893-434D-9A20-02870B96ABA7}.Release|Any CPU.Build.0 = Release|Any CPU
		{F371C3EE-8AB3-4261-A5F2-9A1FF77ADC19}.Debug|Any CPU.ActiveCfg = Debug|Any CPU
		{F371C3EE-8AB3-4261-A5F2-9A1FF77ADC19}.Debug|Any CPU.Build.0 = Debug|Any CPU
		{F371C3EE-8AB3-4261-A5F2-9A1FF77ADC19}.Release|Any CPU.ActiveCfg = Release|Any CPU
		{F371C3EE-8AB3-4261-A5F2-9A1FF77ADC19}.Release|Any CPU.Build.0 = Release|Any CPU
		{6E7B2D62-A1A4-4232-8FA9-DB01A454B9C1}.Debug|Any CPU.ActiveCfg = Debug|Any CPU
		{6E7B2D62-A1A4-4232-8FA9-DB01A454B9C1}.Debug|Any CPU.Build.0 = Debug|Any CPU
		{6E7B2D62-A1A4-4232-8FA9-DB01A454B9C1}.Release|Any CPU.ActiveCfg = Release|Any CPU
		{6E7B2D62-A1A4-4232-8FA9-DB01A454B9C1}.Release|Any CPU.Build.0 = Release|Any CPU
		{26E8EA4C-D3A6-4C6A-900D-2AA2C80D0AAF}.Debug|Any CPU.ActiveCfg = Debug|Any CPU
		{26E8EA4C-D3A6-4C6A-900D-2AA2C80D0AAF}.Debug|Any CPU.Build.0 = Debug|Any CPU
		{26E8EA4C-D3A6-4C6A-900D-2AA2C80D0AAF}.Release|Any CPU.ActiveCfg = Release|Any CPU
		{26E8EA4C-D3A6-4C6A-900D-2AA2C80D0AAF}.Release|Any CPU.Build.0 = Release|Any CPU
		{CD7BF1EC-ABF9-48DE-8683-353216DB4958}.Debug|Any CPU.ActiveCfg = Debug|Any CPU
		{CD7BF1EC-ABF9-48DE-8683-353216DB4958}.Debug|Any CPU.Build.0 = Debug|Any CPU
		{CD7BF1EC-ABF9-48DE-8683-353216DB4958}.Release|Any CPU.ActiveCfg = Release|Any CPU
		{CD7BF1EC-ABF9-48DE-8683-353216DB4958}.Release|Any CPU.Build.0 = Release|Any CPU
		{845B39FE-A982-44EB-A4DB-CCCD93CBF261}.Debug|Any CPU.ActiveCfg = Debug|Any CPU
		{845B39FE-A982-44EB-A4DB-CCCD93CBF261}.Debug|Any CPU.Build.0 = Debug|Any CPU
		{845B39FE-A982-44EB-A4DB-CCCD93CBF261}.Release|Any CPU.ActiveCfg = Release|Any CPU
		{845B39FE-A982-44EB-A4DB-CCCD93CBF261}.Release|Any CPU.Build.0 = Release|Any CPU
		{29012D95-AA39-4DC9-AFAA-2FC3A8CDEF33}.Debug|Any CPU.ActiveCfg = Debug|Any CPU
		{29012D95-AA39-4DC9-AFAA-2FC3A8CDEF33}.Debug|Any CPU.Build.0 = Debug|Any CPU
		{29012D95-AA39-4DC9-AFAA-2FC3A8CDEF33}.Release|Any CPU.ActiveCfg = Release|Any CPU
		{29012D95-AA39-4DC9-AFAA-2FC3A8CDEF33}.Release|Any CPU.Build.0 = Release|Any CPU
		{AC5970BF-7A71-4CFE-BC21-8E597ECD347C}.Debug|Any CPU.ActiveCfg = Debug|Any CPU
		{AC5970BF-7A71-4CFE-BC21-8E597ECD347C}.Debug|Any CPU.Build.0 = Debug|Any CPU
		{AC5970BF-7A71-4CFE-BC21-8E597ECD347C}.Release|Any CPU.ActiveCfg = Release|Any CPU
		{AC5970BF-7A71-4CFE-BC21-8E597ECD347C}.Release|Any CPU.Build.0 = Release|Any CPU
		{D403DB4A-ABFC-4B13-A920-C6AC9B3EEE0B}.Debug|Any CPU.ActiveCfg = Debug|Any CPU
		{D403DB4A-ABFC-4B13-A920-C6AC9B3EEE0B}.Debug|Any CPU.Build.0 = Debug|Any CPU
		{D403DB4A-ABFC-4B13-A920-C6AC9B3EEE0B}.Release|Any CPU.ActiveCfg = Release|Any CPU
		{D403DB4A-ABFC-4B13-A920-C6AC9B3EEE0B}.Release|Any CPU.Build.0 = Release|Any CPU
		{88A89C15-11DF-4F32-AA61-6896AF09F470}.Debug|Any CPU.ActiveCfg = Debug|Any CPU
		{88A89C15-11DF-4F32-AA61-6896AF09F470}.Debug|Any CPU.Build.0 = Debug|Any CPU
		{88A89C15-11DF-4F32-AA61-6896AF09F470}.Release|Any CPU.ActiveCfg = Release|Any CPU
		{88A89C15-11DF-4F32-AA61-6896AF09F470}.Release|Any CPU.Build.0 = Release|Any CPU
		{06D5A9E7-8CAA-4F0F-A41E-8C97D2FF8542}.Debug|Any CPU.ActiveCfg = Debug|Any CPU
		{06D5A9E7-8CAA-4F0F-A41E-8C97D2FF8542}.Debug|Any CPU.Build.0 = Debug|Any CPU
		{06D5A9E7-8CAA-4F0F-A41E-8C97D2FF8542}.Release|Any CPU.ActiveCfg = Release|Any CPU
		{06D5A9E7-8CAA-4F0F-A41E-8C97D2FF8542}.Release|Any CPU.Build.0 = Release|Any CPU
		{2E1E217C-A836-49E3-B655-6E42AD3E7943}.Debug|Any CPU.ActiveCfg = Debug|Any CPU
		{2E1E217C-A836-49E3-B655-6E42AD3E7943}.Debug|Any CPU.Build.0 = Debug|Any CPU
		{2E1E217C-A836-49E3-B655-6E42AD3E7943}.Release|Any CPU.ActiveCfg = Release|Any CPU
		{2E1E217C-A836-49E3-B655-6E42AD3E7943}.Release|Any CPU.Build.0 = Release|Any CPU
		{59B8C4DE-FB94-4670-9DDE-B04F461219CB}.Debug|Any CPU.ActiveCfg = Debug|Any CPU
		{59B8C4DE-FB94-4670-9DDE-B04F461219CB}.Debug|Any CPU.Build.0 = Debug|Any CPU
		{59B8C4DE-FB94-4670-9DDE-B04F461219CB}.Release|Any CPU.ActiveCfg = Release|Any CPU
		{59B8C4DE-FB94-4670-9DDE-B04F461219CB}.Release|Any CPU.Build.0 = Release|Any CPU
		{FFFD251E-F555-4008-A759-5727784B0C98}.Debug|Any CPU.ActiveCfg = Debug|Any CPU
		{FFFD251E-F555-4008-A759-5727784B0C98}.Debug|Any CPU.Build.0 = Debug|Any CPU
		{FFFD251E-F555-4008-A759-5727784B0C98}.Release|Any CPU.ActiveCfg = Release|Any CPU
		{FFFD251E-F555-4008-A759-5727784B0C98}.Release|Any CPU.Build.0 = Release|Any CPU
		{E0E0D5C0-E8D1-458E-9C3A-F0B858BBAD3B}.Debug|Any CPU.ActiveCfg = Debug|Any CPU
		{E0E0D5C0-E8D1-458E-9C3A-F0B858BBAD3B}.Debug|Any CPU.Build.0 = Debug|Any CPU
		{E0E0D5C0-E8D1-458E-9C3A-F0B858BBAD3B}.Release|Any CPU.ActiveCfg = Release|Any CPU
		{E0E0D5C0-E8D1-458E-9C3A-F0B858BBAD3B}.Release|Any CPU.Build.0 = Release|Any CPU
		{EEED6AD9-6FC3-4483-B44E-691FF2DECFAF}.Debug|Any CPU.ActiveCfg = Debug|Any CPU
		{EEED6AD9-6FC3-4483-B44E-691FF2DECFAF}.Debug|Any CPU.Build.0 = Debug|Any CPU
		{EEED6AD9-6FC3-4483-B44E-691FF2DECFAF}.Release|Any CPU.ActiveCfg = Release|Any CPU
		{EEED6AD9-6FC3-4483-B44E-691FF2DECFAF}.Release|Any CPU.Build.0 = Release|Any CPU
		{A3262B32-E4F6-4F95-9BB9-D522F798C0D3}.Debug|Any CPU.ActiveCfg = Debug|Any CPU
		{A3262B32-E4F6-4F95-9BB9-D522F798C0D3}.Debug|Any CPU.Build.0 = Debug|Any CPU
		{A3262B32-E4F6-4F95-9BB9-D522F798C0D3}.Release|Any CPU.ActiveCfg = Release|Any CPU
		{A3262B32-E4F6-4F95-9BB9-D522F798C0D3}.Release|Any CPU.Build.0 = Release|Any CPU
		{B130B8E2-BF6E-4541-856F-F51558F8050A}.Debug|Any CPU.ActiveCfg = Debug|Any CPU
		{B130B8E2-BF6E-4541-856F-F51558F8050A}.Debug|Any CPU.Build.0 = Debug|Any CPU
		{B130B8E2-BF6E-4541-856F-F51558F8050A}.Release|Any CPU.ActiveCfg = Release|Any CPU
		{B130B8E2-BF6E-4541-856F-F51558F8050A}.Release|Any CPU.Build.0 = Release|Any CPU
		{1CB79745-8A58-4AE7-B6C8-2362DCDB1CA6}.Debug|Any CPU.ActiveCfg = Debug|Any CPU
		{1CB79745-8A58-4AE7-B6C8-2362DCDB1CA6}.Debug|Any CPU.Build.0 = Debug|Any CPU
		{1CB79745-8A58-4AE7-B6C8-2362DCDB1CA6}.Release|Any CPU.ActiveCfg = Release|Any CPU
		{1CB79745-8A58-4AE7-B6C8-2362DCDB1CA6}.Release|Any CPU.Build.0 = Release|Any CPU
		{56D1697B-8CF9-4994-A484-060878821F9D}.Debug|Any CPU.ActiveCfg = Debug|Any CPU
		{56D1697B-8CF9-4994-A484-060878821F9D}.Debug|Any CPU.Build.0 = Debug|Any CPU
		{56D1697B-8CF9-4994-A484-060878821F9D}.Release|Any CPU.ActiveCfg = Release|Any CPU
		{56D1697B-8CF9-4994-A484-060878821F9D}.Release|Any CPU.Build.0 = Release|Any CPU
		{D3B3AFFF-211A-4450-AE5E-055BD1323D2E}.Debug|Any CPU.ActiveCfg = Debug|Any CPU
		{D3B3AFFF-211A-4450-AE5E-055BD1323D2E}.Debug|Any CPU.Build.0 = Debug|Any CPU
		{D3B3AFFF-211A-4450-AE5E-055BD1323D2E}.Release|Any CPU.ActiveCfg = Release|Any CPU
		{D3B3AFFF-211A-4450-AE5E-055BD1323D2E}.Release|Any CPU.Build.0 = Release|Any CPU
		{C3BA722D-B03F-465B-BC47-421CA97B97E0}.Debug|Any CPU.ActiveCfg = Debug|Any CPU
		{C3BA722D-B03F-465B-BC47-421CA97B97E0}.Debug|Any CPU.Build.0 = Debug|Any CPU
		{C3BA722D-B03F-465B-BC47-421CA97B97E0}.Release|Any CPU.ActiveCfg = Release|Any CPU
		{C3BA722D-B03F-465B-BC47-421CA97B97E0}.Release|Any CPU.Build.0 = Release|Any CPU
		{31F5E4F3-AC4E-4538-BC7D-85BCF9CA686A}.Debug|Any CPU.ActiveCfg = Debug|Any CPU
		{31F5E4F3-AC4E-4538-BC7D-85BCF9CA686A}.Debug|Any CPU.Build.0 = Debug|Any CPU
		{31F5E4F3-AC4E-4538-BC7D-85BCF9CA686A}.Release|Any CPU.ActiveCfg = Release|Any CPU
		{31F5E4F3-AC4E-4538-BC7D-85BCF9CA686A}.Release|Any CPU.Build.0 = Release|Any CPU
		{A37AAFDB-545B-4599-806A-EFCB8B310446}.Debug|Any CPU.ActiveCfg = Debug|Any CPU
		{A37AAFDB-545B-4599-806A-EFCB8B310446}.Debug|Any CPU.Build.0 = Debug|Any CPU
		{A37AAFDB-545B-4599-806A-EFCB8B310446}.Release|Any CPU.ActiveCfg = Release|Any CPU
		{A37AAFDB-545B-4599-806A-EFCB8B310446}.Release|Any CPU.Build.0 = Release|Any CPU
		{8CB12764-E469-4BB5-8554-5F9CA0F6DE18}.Debug|Any CPU.ActiveCfg = Debug|Any CPU
		{8CB12764-E469-4BB5-8554-5F9CA0F6DE18}.Debug|Any CPU.Build.0 = Debug|Any CPU
		{8CB12764-E469-4BB5-8554-5F9CA0F6DE18}.Release|Any CPU.ActiveCfg = Release|Any CPU
		{8CB12764-E469-4BB5-8554-5F9CA0F6DE18}.Release|Any CPU.Build.0 = Release|Any CPU
		{1ABCD945-5CAA-4F30-A741-7A9DA919254A}.Debug|Any CPU.ActiveCfg = Debug|Any CPU
		{1ABCD945-5CAA-4F30-A741-7A9DA919254A}.Debug|Any CPU.Build.0 = Debug|Any CPU
		{1ABCD945-5CAA-4F30-A741-7A9DA919254A}.Release|Any CPU.ActiveCfg = Release|Any CPU
		{1ABCD945-5CAA-4F30-A741-7A9DA919254A}.Release|Any CPU.Build.0 = Release|Any CPU
		{8C6877C0-3CB2-4B99-B8BD-1B7D0CADB543}.Debug|Any CPU.ActiveCfg = Debug|Any CPU
		{8C6877C0-3CB2-4B99-B8BD-1B7D0CADB543}.Debug|Any CPU.Build.0 = Debug|Any CPU
		{8C6877C0-3CB2-4B99-B8BD-1B7D0CADB543}.Release|Any CPU.ActiveCfg = Release|Any CPU
		{8C6877C0-3CB2-4B99-B8BD-1B7D0CADB543}.Release|Any CPU.Build.0 = Release|Any CPU
		{E20280B8-8BE0-4967-AFC2-65FFCD6EC5E4}.Debug|Any CPU.ActiveCfg = Debug|Any CPU
		{E20280B8-8BE0-4967-AFC2-65FFCD6EC5E4}.Debug|Any CPU.Build.0 = Debug|Any CPU
		{E20280B8-8BE0-4967-AFC2-65FFCD6EC5E4}.Release|Any CPU.ActiveCfg = Release|Any CPU
		{E20280B8-8BE0-4967-AFC2-65FFCD6EC5E4}.Release|Any CPU.Build.0 = Release|Any CPU
		{6EAA089D-7ADD-4C74-B040-FD3D75DB5C75}.Debug|Any CPU.ActiveCfg = Debug|Any CPU
		{6EAA089D-7ADD-4C74-B040-FD3D75DB5C75}.Debug|Any CPU.Build.0 = Debug|Any CPU
		{6EAA089D-7ADD-4C74-B040-FD3D75DB5C75}.Release|Any CPU.ActiveCfg = Release|Any CPU
		{6EAA089D-7ADD-4C74-B040-FD3D75DB5C75}.Release|Any CPU.Build.0 = Release|Any CPU
		{9D9C360B-9DF1-4076-8416-66964427C8F3}.Debug|Any CPU.ActiveCfg = Debug|Any CPU
		{9D9C360B-9DF1-4076-8416-66964427C8F3}.Debug|Any CPU.Build.0 = Debug|Any CPU
		{9D9C360B-9DF1-4076-8416-66964427C8F3}.Release|Any CPU.ActiveCfg = Release|Any CPU
		{9D9C360B-9DF1-4076-8416-66964427C8F3}.Release|Any CPU.Build.0 = Release|Any CPU
		{67B9A8E4-7F51-4419-85BC-4BB0C2E67E71}.Debug|Any CPU.ActiveCfg = Debug|Any CPU
		{67B9A8E4-7F51-4419-85BC-4BB0C2E67E71}.Debug|Any CPU.Build.0 = Debug|Any CPU
		{67B9A8E4-7F51-4419-85BC-4BB0C2E67E71}.Release|Any CPU.ActiveCfg = Release|Any CPU
		{67B9A8E4-7F51-4419-85BC-4BB0C2E67E71}.Release|Any CPU.Build.0 = Release|Any CPU
		{185BCD98-BD26-4535-BE6E-44AAA4F7C145}.Debug|Any CPU.ActiveCfg = Debug|Any CPU
		{185BCD98-BD26-4535-BE6E-44AAA4F7C145}.Debug|Any CPU.Build.0 = Debug|Any CPU
		{185BCD98-BD26-4535-BE6E-44AAA4F7C145}.Release|Any CPU.ActiveCfg = Release|Any CPU
		{185BCD98-BD26-4535-BE6E-44AAA4F7C145}.Release|Any CPU.Build.0 = Release|Any CPU
		{B1D88C56-46EB-4171-A997-56E67875CF80}.Debug|Any CPU.ActiveCfg = Debug|Any CPU
		{B1D88C56-46EB-4171-A997-56E67875CF80}.Debug|Any CPU.Build.0 = Debug|Any CPU
		{B1D88C56-46EB-4171-A997-56E67875CF80}.Release|Any CPU.ActiveCfg = Release|Any CPU
		{B1D88C56-46EB-4171-A997-56E67875CF80}.Release|Any CPU.Build.0 = Release|Any CPU
		{8EB719EE-38E4-4FAD-B3E5-F71FA7F7A3EB}.Debug|Any CPU.ActiveCfg = Debug|Any CPU
		{8EB719EE-38E4-4FAD-B3E5-F71FA7F7A3EB}.Debug|Any CPU.Build.0 = Debug|Any CPU
		{8EB719EE-38E4-4FAD-B3E5-F71FA7F7A3EB}.Release|Any CPU.ActiveCfg = Release|Any CPU
		{8EB719EE-38E4-4FAD-B3E5-F71FA7F7A3EB}.Release|Any CPU.Build.0 = Release|Any CPU
		{E2EC79D0-80F7-4471-9613-D7C8C3D52F95}.Debug|Any CPU.ActiveCfg = Debug|Any CPU
		{E2EC79D0-80F7-4471-9613-D7C8C3D52F95}.Debug|Any CPU.Build.0 = Debug|Any CPU
		{E2EC79D0-80F7-4471-9613-D7C8C3D52F95}.Release|Any CPU.ActiveCfg = Release|Any CPU
		{E2EC79D0-80F7-4471-9613-D7C8C3D52F95}.Release|Any CPU.Build.0 = Release|Any CPU
		{D4BD974F-6505-43FC-A94E-2019F0DB5D5D}.Debug|Any CPU.ActiveCfg = Debug|Any CPU
		{D4BD974F-6505-43FC-A94E-2019F0DB5D5D}.Debug|Any CPU.Build.0 = Debug|Any CPU
		{D4BD974F-6505-43FC-A94E-2019F0DB5D5D}.Release|Any CPU.ActiveCfg = Release|Any CPU
		{D4BD974F-6505-43FC-A94E-2019F0DB5D5D}.Release|Any CPU.Build.0 = Release|Any CPU
		{23298562-C1D4-41CD-83FE-426C94FEE35F}.Debug|Any CPU.ActiveCfg = Debug|Any CPU
		{23298562-C1D4-41CD-83FE-426C94FEE35F}.Debug|Any CPU.Build.0 = Debug|Any CPU
		{23298562-C1D4-41CD-83FE-426C94FEE35F}.Release|Any CPU.ActiveCfg = Release|Any CPU
		{23298562-C1D4-41CD-83FE-426C94FEE35F}.Release|Any CPU.Build.0 = Release|Any CPU
		{00C9BA50-2AFB-4D9C-A2D6-8154BCCD0A63}.Debug|Any CPU.ActiveCfg = Debug|Any CPU
		{00C9BA50-2AFB-4D9C-A2D6-8154BCCD0A63}.Debug|Any CPU.Build.0 = Debug|Any CPU
		{00C9BA50-2AFB-4D9C-A2D6-8154BCCD0A63}.Release|Any CPU.ActiveCfg = Release|Any CPU
		{00C9BA50-2AFB-4D9C-A2D6-8154BCCD0A63}.Release|Any CPU.Build.0 = Release|Any CPU
		{A5836BC1-6A45-4BB6-9D22-A7F750890AB8}.Debug|Any CPU.ActiveCfg = Debug|Any CPU
		{A5836BC1-6A45-4BB6-9D22-A7F750890AB8}.Debug|Any CPU.Build.0 = Debug|Any CPU
		{A5836BC1-6A45-4BB6-9D22-A7F750890AB8}.Release|Any CPU.ActiveCfg = Release|Any CPU
		{A5836BC1-6A45-4BB6-9D22-A7F750890AB8}.Release|Any CPU.Build.0 = Release|Any CPU
		{FDA02617-9C49-4DA8-A43A-A34DBA9B8596}.Debug|Any CPU.ActiveCfg = Debug|Any CPU
		{FDA02617-9C49-4DA8-A43A-A34DBA9B8596}.Debug|Any CPU.Build.0 = Debug|Any CPU
		{FDA02617-9C49-4DA8-A43A-A34DBA9B8596}.Release|Any CPU.ActiveCfg = Release|Any CPU
		{FDA02617-9C49-4DA8-A43A-A34DBA9B8596}.Release|Any CPU.Build.0 = Release|Any CPU
		{A84C4EE3-2601-4804-BCDC-E9948E164A22}.Debug|Any CPU.ActiveCfg = Debug|Any CPU
		{A84C4EE3-2601-4804-BCDC-E9948E164A22}.Debug|Any CPU.Build.0 = Debug|Any CPU
		{A84C4EE3-2601-4804-BCDC-E9948E164A22}.Release|Any CPU.ActiveCfg = Release|Any CPU
		{A84C4EE3-2601-4804-BCDC-E9948E164A22}.Release|Any CPU.Build.0 = Release|Any CPU
		{4D8A92AB-4E77-4965-AD8E-8E206DCE66A4}.Debug|Any CPU.ActiveCfg = Debug|Any CPU
		{4D8A92AB-4E77-4965-AD8E-8E206DCE66A4}.Debug|Any CPU.Build.0 = Debug|Any CPU
		{4D8A92AB-4E77-4965-AD8E-8E206DCE66A4}.Release|Any CPU.ActiveCfg = Release|Any CPU
		{4D8A92AB-4E77-4965-AD8E-8E206DCE66A4}.Release|Any CPU.Build.0 = Release|Any CPU
		{165411FE-755E-4869-A756-F87F455860AC}.Debug|Any CPU.ActiveCfg = Debug|Any CPU
		{165411FE-755E-4869-A756-F87F455860AC}.Debug|Any CPU.Build.0 = Debug|Any CPU
		{165411FE-755E-4869-A756-F87F455860AC}.Release|Any CPU.ActiveCfg = Release|Any CPU
		{165411FE-755E-4869-A756-F87F455860AC}.Release|Any CPU.Build.0 = Release|Any CPU
		{6472D59F-7C04-43DE-AD33-9F20BE3804BF}.Debug|Any CPU.ActiveCfg = Debug|Any CPU
		{6472D59F-7C04-43DE-AD33-9F20BE3804BF}.Debug|Any CPU.Build.0 = Debug|Any CPU
		{6472D59F-7C04-43DE-AD33-9F20BE3804BF}.Release|Any CPU.ActiveCfg = Release|Any CPU
		{6472D59F-7C04-43DE-AD33-9F20BE3804BF}.Release|Any CPU.Build.0 = Release|Any CPU
		{CA283D7F-EB95-4353-B196-C409965D2B42}.Debug|Any CPU.ActiveCfg = Debug|Any CPU
		{CA283D7F-EB95-4353-B196-C409965D2B42}.Debug|Any CPU.Build.0 = Debug|Any CPU
		{CA283D7F-EB95-4353-B196-C409965D2B42}.Release|Any CPU.ActiveCfg = Release|Any CPU
		{CA283D7F-EB95-4353-B196-C409965D2B42}.Release|Any CPU.Build.0 = Release|Any CPU
		{C8079F06-304F-49B1-A0C1-45AA3782A923}.Debug|Any CPU.ActiveCfg = Debug|Any CPU
		{C8079F06-304F-49B1-A0C1-45AA3782A923}.Debug|Any CPU.Build.0 = Debug|Any CPU
		{C8079F06-304F-49B1-A0C1-45AA3782A923}.Release|Any CPU.ActiveCfg = Release|Any CPU
		{C8079F06-304F-49B1-A0C1-45AA3782A923}.Release|Any CPU.Build.0 = Release|Any CPU
		{DCF2D47A-921A-4900-B5B2-CF97B3531CE8}.Debug|Any CPU.ActiveCfg = Debug|Any CPU
		{DCF2D47A-921A-4900-B5B2-CF97B3531CE8}.Debug|Any CPU.Build.0 = Debug|Any CPU
		{DCF2D47A-921A-4900-B5B2-CF97B3531CE8}.Release|Any CPU.ActiveCfg = Release|Any CPU
		{DCF2D47A-921A-4900-B5B2-CF97B3531CE8}.Release|Any CPU.Build.0 = Release|Any CPU
		{39FA2A64-012F-4EB9-A14F-E8AC54C975F6}.Debug|Any CPU.ActiveCfg = Debug|Any CPU
		{39FA2A64-012F-4EB9-A14F-E8AC54C975F6}.Debug|Any CPU.Build.0 = Debug|Any CPU
		{39FA2A64-012F-4EB9-A14F-E8AC54C975F6}.Release|Any CPU.ActiveCfg = Release|Any CPU
		{39FA2A64-012F-4EB9-A14F-E8AC54C975F6}.Release|Any CPU.Build.0 = Release|Any CPU
		{20A5A907-A135-4735-B4BF-E13514F360E3}.Debug|Any CPU.ActiveCfg = Debug|Any CPU
		{20A5A907-A135-4735-B4BF-E13514F360E3}.Debug|Any CPU.Build.0 = Debug|Any CPU
		{20A5A907-A135-4735-B4BF-E13514F360E3}.Release|Any CPU.ActiveCfg = Release|Any CPU
		{20A5A907-A135-4735-B4BF-E13514F360E3}.Release|Any CPU.Build.0 = Release|Any CPU
		{E592E447-BA3C-44FA-86C1-EBEDC864A644}.Debug|Any CPU.ActiveCfg = Debug|Any CPU
		{E592E447-BA3C-44FA-86C1-EBEDC864A644}.Debug|Any CPU.Build.0 = Debug|Any CPU
		{E592E447-BA3C-44FA-86C1-EBEDC864A644}.Release|Any CPU.ActiveCfg = Release|Any CPU
		{E592E447-BA3C-44FA-86C1-EBEDC864A644}.Release|Any CPU.Build.0 = Release|Any CPU
		{00FEA181-84C9-42A7-AC81-29A9F176A1A0}.Debug|Any CPU.ActiveCfg = Debug|Any CPU
		{00FEA181-84C9-42A7-AC81-29A9F176A1A0}.Debug|Any CPU.Build.0 = Debug|Any CPU
		{00FEA181-84C9-42A7-AC81-29A9F176A1A0}.Release|Any CPU.ActiveCfg = Release|Any CPU
		{00FEA181-84C9-42A7-AC81-29A9F176A1A0}.Release|Any CPU.Build.0 = Release|Any CPU
	EndGlobalSection
	GlobalSection(SolutionProperties) = preSolution
		HideSolutionNode = FALSE
	EndGlobalSection
	GlobalSection(NestedProjects) = preSolution
		{B52DCF1A-465D-4E92-A68A-0EE1A9ED49DF} = {B80354C7-BE58-43F6-8928-9F3A74AB7F47}
		{E958BE04-81C2-434C-9E6C-CA145A2B8218} = {A68BA1A5-1604-433D-9778-DC0199831C2A}
		{C1D595AD-FFFD-4E52-AAF6-8DD8C4BD67F1} = {A68BA1A5-1604-433D-9778-DC0199831C2A}
		{C7B2309C-073A-4552-A508-A69768B64C6F} = {A68BA1A5-1604-433D-9778-DC0199831C2A}
		{6D04BB34-1CC6-4FF3-A02A-1FFAC2A7A4F3} = {A68BA1A5-1604-433D-9778-DC0199831C2A}
		{3FC74EA6-D554-4A87-AED5-A08FE407BBF4} = {A68BA1A5-1604-433D-9778-DC0199831C2A}
		{934625C7-243F-4659-9421-515301CF0263} = {A68BA1A5-1604-433D-9778-DC0199831C2A}
		{7D4A7A84-B297-4777-9E2A-D8B1C427CAC7} = {27381127-6C45-4B4C-8F18-41FF48DFE4B2}
		{145E569B-633F-4FF0-B273-CB1D3B49B9F2} = {63BB22D3-0FAC-4E87-BF9D-9FA2441684C9}
		{7570F683-EB48-467F-B1B1-70FF0153F52B} = {63BB22D3-0FAC-4E87-BF9D-9FA2441684C9}
		{327CB76F-3BB8-4955-A01D-CD8553AD36CC} = {63BB22D3-0FAC-4E87-BF9D-9FA2441684C9}
		{B38EBDC8-9255-4AC2-A10E-5C908D4BE862} = {B80354C7-BE58-43F6-8928-9F3A74AB7F47}
		{5A7D4F1C-98CB-45D5-955E-A601CFA70884} = {4981B3A5-4AFD-4191-BF7D-8692D9783D60}
		{CC9CD371-9909-4101-83F1-22C7C2617DE4} = {27381127-6C45-4B4C-8F18-41FF48DFE4B2}
		{955EDC6D-11A3-4408-9C00-7BFE140AD597} = {A68BA1A5-1604-433D-9778-DC0199831C2A}
		{0F505BE9-42FE-49EC-93CC-57584C4C9671} = {27381127-6C45-4B4C-8F18-41FF48DFE4B2}
		{47714F18-6CEC-4F61-92BC-BAE60C619F61} = {27381127-6C45-4B4C-8F18-41FF48DFE4B2}
		{39AD3DBA-6B79-44FC-9637-232544D0CA46} = {27381127-6C45-4B4C-8F18-41FF48DFE4B2}
		{0C97F423-DAAE-4B63-B1B1-CB85E2840B98} = {27381127-6C45-4B4C-8F18-41FF48DFE4B2}
		{23075FC1-D893-434D-9A20-02870B96ABA7} = {4981B3A5-4AFD-4191-BF7D-8692D9783D60}
		{F371C3EE-8AB3-4261-A5F2-9A1FF77ADC19} = {4981B3A5-4AFD-4191-BF7D-8692D9783D60}
		{6E7B2D62-A1A4-4232-8FA9-DB01A454B9C1} = {4981B3A5-4AFD-4191-BF7D-8692D9783D60}
		{26E8EA4C-D3A6-4C6A-900D-2AA2C80D0AAF} = {4981B3A5-4AFD-4191-BF7D-8692D9783D60}
		{7C4F0F84-BAEC-469D-A3BC-28209B2C11AC} = {4981B3A5-4AFD-4191-BF7D-8692D9783D60}
		{CD7BF1EC-ABF9-48DE-8683-353216DB4958} = {7C4F0F84-BAEC-469D-A3BC-28209B2C11AC}
		{845B39FE-A982-44EB-A4DB-CCCD93CBF261} = {7C4F0F84-BAEC-469D-A3BC-28209B2C11AC}
		{29012D95-AA39-4DC9-AFAA-2FC3A8CDEF33} = {B80354C7-BE58-43F6-8928-9F3A74AB7F47}
		{AC5970BF-7A71-4CFE-BC21-8E597ECD347C} = {27381127-6C45-4B4C-8F18-41FF48DFE4B2}
		{D403DB4A-ABFC-4B13-A920-C6AC9B3EEE0B} = {B80354C7-BE58-43F6-8928-9F3A74AB7F47}
		{88A89C15-11DF-4F32-AA61-6896AF09F470} = {27381127-6C45-4B4C-8F18-41FF48DFE4B2}
		{06D5A9E7-8CAA-4F0F-A41E-8C97D2FF8542} = {4981B3A5-4AFD-4191-BF7D-8692D9783D60}
		{2E1E217C-A836-49E3-B655-6E42AD3E7943} = {27381127-6C45-4B4C-8F18-41FF48DFE4B2}
		{59B8C4DE-FB94-4670-9DDE-B04F461219CB} = {4981B3A5-4AFD-4191-BF7D-8692D9783D60}
		{FFFD251E-F555-4008-A759-5727784B0C98} = {27381127-6C45-4B4C-8F18-41FF48DFE4B2}
		{E0E0D5C0-E8D1-458E-9C3A-F0B858BBAD3B} = {4981B3A5-4AFD-4191-BF7D-8692D9783D60}
		{EEED6AD9-6FC3-4483-B44E-691FF2DECFAF} = {63BB22D3-0FAC-4E87-BF9D-9FA2441684C9}
		{A3262B32-E4F6-4F95-9BB9-D522F798C0D3} = {27381127-6C45-4B4C-8F18-41FF48DFE4B2}
		{B130B8E2-BF6E-4541-856F-F51558F8050A} = {4981B3A5-4AFD-4191-BF7D-8692D9783D60}
		{1CB79745-8A58-4AE7-B6C8-2362DCDB1CA6} = {27381127-6C45-4B4C-8F18-41FF48DFE4B2}
		{56D1697B-8CF9-4994-A484-060878821F9D} = {4981B3A5-4AFD-4191-BF7D-8692D9783D60}
		{D3B3AFFF-211A-4450-AE5E-055BD1323D2E} = {4981B3A5-4AFD-4191-BF7D-8692D9783D60}
		{C3BA722D-B03F-465B-BC47-421CA97B97E0} = {975F6F41-B455-451D-A312-098DE4A167B6}
		{975F6F41-B455-451D-A312-098DE4A167B6} = {4981B3A5-4AFD-4191-BF7D-8692D9783D60}
		{31F5E4F3-AC4E-4538-BC7D-85BCF9CA686A} = {975F6F41-B455-451D-A312-098DE4A167B6}
		{A37AAFDB-545B-4599-806A-EFCB8B310446} = {975F6F41-B455-451D-A312-098DE4A167B6}
		{8CB12764-E469-4BB5-8554-5F9CA0F6DE18} = {975F6F41-B455-451D-A312-098DE4A167B6}
		{1ABCD945-5CAA-4F30-A741-7A9DA919254A} = {4981B3A5-4AFD-4191-BF7D-8692D9783D60}
		{8C6877C0-3CB2-4B99-B8BD-1B7D0CADB543} = {F534D4F8-5E3A-42FC-BCD7-4C2D6060F9C8}
		{E20280B8-8BE0-4967-AFC2-65FFCD6EC5E4} = {F534D4F8-5E3A-42FC-BCD7-4C2D6060F9C8}
		{6EAA089D-7ADD-4C74-B040-FD3D75DB5C75} = {4981B3A5-4AFD-4191-BF7D-8692D9783D60}
		{9D9C360B-9DF1-4076-8416-66964427C8F3} = {4981B3A5-4AFD-4191-BF7D-8692D9783D60}
		{67B9A8E4-7F51-4419-85BC-4BB0C2E67E71} = {4981B3A5-4AFD-4191-BF7D-8692D9783D60}
		{57A42144-739E-49A7-BADB-BB8F5F20FA17} = {D173887B-AF42-4576-B9C1-96B9E9B3D9C0}
		{185BCD98-BD26-4535-BE6E-44AAA4F7C145} = {57A42144-739E-49A7-BADB-BB8F5F20FA17}
		{B1D88C56-46EB-4171-A997-56E67875CF80} = {57A42144-739E-49A7-BADB-BB8F5F20FA17}
		{8EB719EE-38E4-4FAD-B3E5-F71FA7F7A3EB} = {57A42144-739E-49A7-BADB-BB8F5F20FA17}
		{E2EC79D0-80F7-4471-9613-D7C8C3D52F95} = {B80354C7-BE58-43F6-8928-9F3A74AB7F47}
		{D4BD974F-6505-43FC-A94E-2019F0DB5D5D} = {B80354C7-BE58-43F6-8928-9F3A74AB7F47}
		{A68BA1A5-1604-433D-9778-DC0199831C2A} = {D173887B-AF42-4576-B9C1-96B9E9B3D9C0}
		{23298562-C1D4-41CD-83FE-426C94FEE35F} = {27381127-6C45-4B4C-8F18-41FF48DFE4B2}
		{00C9BA50-2AFB-4D9C-A2D6-8154BCCD0A63} = {27381127-6C45-4B4C-8F18-41FF48DFE4B2}
		{A5836BC1-6A45-4BB6-9D22-A7F750890AB8} = {4981B3A5-4AFD-4191-BF7D-8692D9783D60}
		{FDA02617-9C49-4DA8-A43A-A34DBA9B8596} = {4981B3A5-4AFD-4191-BF7D-8692D9783D60}
		{A84C4EE3-2601-4804-BCDC-E9948E164A22} = {A68BA1A5-1604-433D-9778-DC0199831C2A}
		{4D8A92AB-4E77-4965-AD8E-8E206DCE66A4} = {27381127-6C45-4B4C-8F18-41FF48DFE4B2}
		{165411FE-755E-4869-A756-F87F455860AC} = {4981B3A5-4AFD-4191-BF7D-8692D9783D60}
		{6472D59F-7C04-43DE-AD33-9F20BE3804BF} = {975F6F41-B455-451D-A312-098DE4A167B6}
		{CA283D7F-EB95-4353-B196-C409965D2B42} = {27381127-6C45-4B4C-8F18-41FF48DFE4B2}
		{C8079F06-304F-49B1-A0C1-45AA3782A923} = {4981B3A5-4AFD-4191-BF7D-8692D9783D60}
		{DCF2D47A-921A-4900-B5B2-CF97B3531CE8} = {975F6F41-B455-451D-A312-098DE4A167B6}
		{39FA2A64-012F-4EB9-A14F-E8AC54C975F6} = {2136E31D-2CBB-41BB-8618-716FF8E46E9E}
		{20A5A907-A135-4735-B4BF-E13514F360E3} = {27381127-6C45-4B4C-8F18-41FF48DFE4B2}
		{E592E447-BA3C-44FA-86C1-EBEDC864A644} = {4981B3A5-4AFD-4191-BF7D-8692D9783D60}
		{00FEA181-84C9-42A7-AC81-29A9F176A1A0} = {4981B3A5-4AFD-4191-BF7D-8692D9783D60}
	EndGlobalSection
	GlobalSection(ExtensibilityGlobals) = postSolution
		SolutionGuid = {6DCEDFEC-988E-4CB3-B45B-191EB5086E0C}
	EndGlobalSection
EndGlobal
