
Microsoft Visual Studio Solution File, Format Version 12.00
# Visual Studio Version 17
VisualStudioVersion = 17.7.33716.462
MinimumVisualStudioVersion = 10.0.40219.1
Project("{9A19103F-16F7-4668-BE54-9A1E7A4F7556}") = "ApiGateway", "ApiGateway\ApiGateway.csproj", "{B97E0EFC-E8A8-44A2-A7D4-4BEB0BD07E79}"
EndProject
Project("{9A19103F-16F7-4668-BE54-9A1E7A4F7556}") = "BasketService", "BasketService\BasketService.csproj", "{22E22164-27AE-4BC5-9A85-C16F0F5E49F7}"
EndProject
Project("{9A19103F-16F7-4668-BE54-9A1E7A4F7556}") = "CatalogService", "CatalogService\CatalogService.csproj", "{F8F2A226-59D7-4023-A7BE-602B6B0366D2}"
EndProject
Project("{9A19103F-16F7-4668-BE54-9A1E7A4F7556}") = "ServiceDefaults", "ServiceDefaults\ServiceDefaults.csproj", "{938E6618-3061-4908-82AB-A2463F6B7BE8}"
EndProject
Project("{9A19103F-16F7-4668-BE54-9A1E7A4F7556}") = "MyFrontend", "MyFrontend\MyFrontend.csproj", "{A92E2CCE-5B2B-461E-80AA-1669FE2EEF2E}"
EndProject
Project("{9A19103F-16F7-4668-BE54-9A1E7A4F7556}") = "AppHost", "AppHost\AppHost.csproj", "{96FDD139-88F1-46DC-8487-4D5D7F1E5A8D}"
EndProject
Project("{9A19103F-16F7-4668-BE54-9A1E7A4F7556}") = "OrderProcessor", "OrderProcessor\OrderProcessor.csproj", "{7926680B-CE02-4AE8-AED2-E95678309289}"
EndProject
Global
	GlobalSection(SolutionConfigurationPlatforms) = preSolution
		Debug|Any CPU = Debug|Any CPU
		Release|Any CPU = Release|Any CPU
	EndGlobalSection
	GlobalSection(ProjectConfigurationPlatforms) = postSolution
		{B97E0EFC-E8A8-44A2-A7D4-4BEB0BD07E79}.Debug|Any CPU.ActiveCfg = Debug|Any CPU
		{B97E0EFC-E8A8-44A2-A7D4-4BEB0BD07E79}.Debug|Any CPU.Build.0 = Debug|Any CPU
		{B97E0EFC-E8A8-44A2-A7D4-4BEB0BD07E79}.Release|Any CPU.ActiveCfg = Release|Any CPU
		{B97E0EFC-E8A8-44A2-A7D4-4BEB0BD07E79}.Release|Any CPU.Build.0 = Release|Any CPU
		{22E22164-27AE-4BC5-9A85-C16F0F5E49F7}.Debug|Any CPU.ActiveCfg = Debug|Any CPU
		{22E22164-27AE-4BC5-9A85-C16F0F5E49F7}.Debug|Any CPU.Build.0 = Debug|Any CPU
		{22E22164-27AE-4BC5-9A85-C16F0F5E49F7}.Release|Any CPU.ActiveCfg = Release|Any CPU
		{22E22164-27AE-4BC5-9A85-C16F0F5E49F7}.Release|Any CPU.Build.0 = Release|Any CPU
		{F8F2A226-59D7-4023-A7BE-602B6B0366D2}.Debug|Any CPU.ActiveCfg = Debug|Any CPU
		{F8F2A226-59D7-4023-A7BE-602B6B0366D2}.Debug|Any CPU.Build.0 = Debug|Any CPU
		{F8F2A226-59D7-4023-A7BE-602B6B0366D2}.Release|Any CPU.ActiveCfg = Release|Any CPU
		{F8F2A226-59D7-4023-A7BE-602B6B0366D2}.Release|Any CPU.Build.0 = Release|Any CPU
		{938E6618-3061-4908-82AB-A2463F6B7BE8}.Debug|Any CPU.ActiveCfg = Debug|Any CPU
		{938E6618-3061-4908-82AB-A2463F6B7BE8}.Debug|Any CPU.Build.0 = Debug|Any CPU
		{938E6618-3061-4908-82AB-A2463F6B7BE8}.Release|Any CPU.ActiveCfg = Release|Any CPU
		{938E6618-3061-4908-82AB-A2463F6B7BE8}.Release|Any CPU.Build.0 = Release|Any CPU
		{A92E2CCE-5B2B-461E-80AA-1669FE2EEF2E}.Debug|Any CPU.ActiveCfg = Debug|Any CPU
		{A92E2CCE-5B2B-461E-80AA-1669FE2EEF2E}.Debug|Any CPU.Build.0 = Debug|Any CPU
		{A92E2CCE-5B2B-461E-80AA-1669FE2EEF2E}.Release|Any CPU.ActiveCfg = Release|Any CPU
		{A92E2CCE-5B2B-461E-80AA-1669FE2EEF2E}.Release|Any CPU.Build.0 = Release|Any CPU
		{96FDD139-88F1-46DC-8487-4D5D7F1E5A8D}.Debug|Any CPU.ActiveCfg = Debug|Any CPU
		{96FDD139-88F1-46DC-8487-4D5D7F1E5A8D}.Debug|Any CPU.Build.0 = Debug|Any CPU
		{96FDD139-88F1-46DC-8487-4D5D7F1E5A8D}.Release|Any CPU.ActiveCfg = Release|Any CPU
		{96FDD139-88F1-46DC-8487-4D5D7F1E5A8D}.Release|Any CPU.Build.0 = Release|Any CPU
		{7926680B-CE02-4AE8-AED2-E95678309289}.Debug|Any CPU.ActiveCfg = Debug|Any CPU
		{7926680B-CE02-4AE8-AED2-E95678309289}.Debug|Any CPU.Build.0 = Debug|Any CPU
		{7926680B-CE02-4AE8-AED2-E95678309289}.Release|Any CPU.ActiveCfg = Release|Any CPU
		{7926680B-CE02-4AE8-AED2-E95678309289}.Release|Any CPU.Build.0 = Release|Any CPU
	EndGlobalSection
	GlobalSection(SolutionProperties) = preSolution
		HideSolutionNode = FALSE
	EndGlobalSection
	GlobalSection(ExtensibilityGlobals) = postSolution
		SolutionGuid = {8990AED3-C6AA-45CF-B4C0-771D7DF7CB96}
	EndGlobalSection
EndGlobal
