Microsoft Visual Studio Solution File, Format Version 12.00
# Visual Studio Version 17
VisualStudioVersion = 17.5.2.0
MinimumVisualStudioVersion = 10.0.40219.1
Project("{FAE04EC0-301F-11D3-BF4B-00C04F79EFBC}") = "FoundryAgentBasic.AppHost", "FoundryAgentBasic.AppHost\FoundryAgentBasic.AppHost.csproj", "{3EF6E322-DC25-385B-9F64-09166E5D09CC}"
EndProject
Global
	GlobalSection(SolutionConfigurationPlatforms) = preSolution
		Debug|Any CPU = Debug|Any CPU
		Release|Any CPU = Release|Any CPU
	EndGlobalSection
	GlobalSection(ProjectConfigurationPlatforms) = postSolution
		{3EF6E322-DC25-385B-9F64-09166E5D09CC}.Debug|Any CPU.ActiveCfg = Debug|Any CPU
		{3EF6E322-DC25-385B-9F64-09166E5D09CC}.Debug|Any CPU.Build.0 = Debug|Any CPU
		{3EF6E322-DC25-385B-9F64-09166E5D09CC}.Release|Any CPU.ActiveCfg = Release|Any CPU
		{3EF6E322-DC25-385B-9F64-09166E5D09CC}.Release|Any CPU.Build.0 = Release|Any CPU
	EndGlobalSection
	GlobalSection(SolutionProperties) = preSolution
		HideSolutionNode = FALSE
	EndGlobalSection
	GlobalSection(ExtensibilityGlobals) = postSolution
		SolutionGuid = {CB2F08C7-F48E-4EEC-BAC3-947EA0C4D02D}
	EndGlobalSection
EndGlobal
