Microsoft Visual Studio Solution File, Format Version 12.00
# Visual Studio Version 17
VisualStudioVersion = 17.8.0.0
MinimumVisualStudioVersion = 17.8.0.0
Project("{9A19103F-16F7-4668-BE54-9A1E7A4F7556}") = "AspireApplication.1.AppHost", "AspireApplication.1.AppHost\AspireApplication.1.AppHost.csproj", "{F98A6C4E-E01C-44BB-BCC9-4C23F1CD09CD}"
EndProject
Project("{9A19103F-16F7-4668-BE54-9A1E7A4F7556}") = "AspireApplication.1.ServiceDefaults", "AspireApplication.1.ServiceDefaults\AspireApplication.1.ServiceDefaults.csproj", "{8CD1957F-C0E5-454E-8BDC-88F84DD58303}"
EndProject
Global
	GlobalSection(SolutionConfigurationPlatforms) = preSolution
		Debug|Any CPU = Debug|Any CPU
		Release|Any CPU = Release|Any CPU
	EndGlobalSection
	GlobalSection(ProjectConfigurationPlatforms) = postSolution
		{F98A6C4E-E01C-44BB-BCC9-4C23F1CD09CD}.Debug|Any CPU.ActiveCfg = Debug|Any CPU
		{F98A6C4E-E01C-44BB-BCC9-4C23F1CD09CD}.Debug|Any CPU.Build.0 = Debug|Any CPU
		{F98A6C4E-E01C-44BB-BCC9-4C23F1CD09CD}.Release|Any CPU.ActiveCfg = Release|Any CPU
		{F98A6C4E-E01C-44BB-BCC9-4C23F1CD09CD}.Release|Any CPU.Build.0 = Release|Any CPU
		{8CD1957F-C0E5-454E-8BDC-88F84DD58303}.Debug|Any CPU.ActiveCfg = Debug|Any CPU
		{8CD1957F-C0E5-454E-8BDC-88F84DD58303}.Debug|Any CPU.Build.0 = Debug|Any CPU
		{8CD1957F-C0E5-454E-8BDC-88F84DD58303}.Release|Any CPU.ActiveCfg = Release|Any CPU
		{8CD1957F-C0E5-454E-8BDC-88F84DD58303}.Release|Any CPU.Build.0 = Release|Any CPU
	EndGlobalSection
	GlobalSection(SolutionProperties) = preSolution
		HideSolutionNode = FALSE
	EndGlobalSection
	GlobalSection(ExtensibilityGlobals) = postSolution
		SolutionGuid = {1C1883BC-2DC4-4D49-82A6-9909F00D385D}
	EndGlobalSection
EndGlobal
