Microsoft Visual Studio Solution File, Format Version 12.00
# Visual Studio Version 17
VisualStudioVersion = 17.5.2.0
MinimumVisualStudioVersion = 10.0.40219.1
Project("{FAE04EC0-301F-11D3-BF4B-00C04F79EFBC}") = "Aspire.Hosting.Azure.AIFoundry.Tests", "Aspire.Hosting.Azure.AIFoundry.Tests.csproj", "{49E3028C-B365-7E3A-40E8-B46A04DC049C}"
EndProject
Global
	GlobalSection(SolutionConfigurationPlatforms) = preSolution
		Debug|Any CPU = Debug|Any CPU
		Release|Any CPU = Release|Any CPU
	EndGlobalSection
	GlobalSection(ProjectConfigurationPlatforms) = postSolution
		{49E3028C-B365-7E3A-40E8-B46A04DC049C}.Debug|Any CPU.ActiveCfg = Debug|Any CPU
		{49E3028C-B365-7E3A-40E8-B46A04DC049C}.Debug|Any CPU.Build.0 = Debug|Any CPU
		{49E3028C-B365-7E3A-40E8-B46A04DC049C}.Release|Any CPU.ActiveCfg = Release|Any CPU
		{49E3028C-B365-7E3A-40E8-B46A04DC049C}.Release|Any CPU.Build.0 = Release|Any CPU
	EndGlobalSection
	GlobalSection(SolutionProperties) = preSolution
		HideSolutionNode = FALSE
	EndGlobalSection
	GlobalSection(ExtensibilityGlobals) = postSolution
		SolutionGuid = {2BC2D3F9-B498-4DF7-A7ED-6E144213FA57}
	EndGlobalSection
EndGlobal
