Microsoft Visual Studio Solution File, Format Version 12.00
# Visual Studio Version 17
VisualStudioVersion = 17.5.2.0
MinimumVisualStudioVersion = 10.0.40219.1
Project("{FAE04EC0-301F-11D3-BF4B-00C04F79EFBC}") = "Aspire.Hosting.Kusto.Tests", "Aspire.Hosting.Kusto.Tests.csproj", "{2CC51BE5-BD49-A840-9CF6-6969C5A69DFF}"
EndProject
Global
	GlobalSection(SolutionConfigurationPlatforms) = preSolution
		Debug|Any CPU = Debug|Any CPU
		Release|Any CPU = Release|Any CPU
	EndGlobalSection
	GlobalSection(ProjectConfigurationPlatforms) = postSolution
		{2CC51BE5-BD49-A840-9CF6-6969C5A69DFF}.Debug|Any CPU.ActiveCfg = Debug|Any CPU
		{2CC51BE5-BD49-A840-9CF6-6969C5A69DFF}.Debug|Any CPU.Build.0 = Debug|Any CPU
		{2CC51BE5-BD49-A840-9CF6-6969C5A69DFF}.Release|Any CPU.ActiveCfg = Release|Any CPU
		{2CC51BE5-BD49-A840-9CF6-6969C5A69DFF}.Release|Any CPU.Build.0 = Release|Any CPU
	EndGlobalSection
	GlobalSection(SolutionProperties) = preSolution
		HideSolutionNode = FALSE
	EndGlobalSection
	GlobalSection(ExtensibilityGlobals) = postSolution
		SolutionGuid = {D5641940-34C3-4B04-911E-473838510FB7}
	EndGlobalSection
EndGlobal
