<Solution>
  <Configurations>
    <Platform Name="Any CPU" />
    <Platform Name="x64" />
    <Platform Name="x86" />
  </Configurations>
  <Project Path="../../tests/Aspire.Cli.Tests/Aspire.Cli.Tests.csproj" />
  <Project Path="../Aspire.Cli.SourceGen/Aspire.Cli.SourceGen.csproj" />
  <Project Path="Aspire.Cli.csproj" />
</Solution>
