Microsoft Visual Studio Solution File, Format Version 12.00
# Visual Studio Version 17
VisualStudioVersion = 17.8.0.0
MinimumVisualStudioVersion = 17.8.0.0
Project("{9A19103F-16F7-4668-BE54-9A1E7A4F7556}") = "Aspire-StarterApplication.1.AppHost", "Aspire-StarterApplication.1.AppHost\Aspire-StarterApplication.1.AppHost.csproj", "{80B24B1B-1E78-4FCB-BDC9-13678F1789F4}"
EndProject
Project("{9A19103F-16F7-4668-BE54-9A1E7A4F7556}") = "Aspire-StarterApplication.1.ServiceDefaults", "Aspire-StarterApplication.1.ServiceDefaults\Aspire-StarterApplication.1.ServiceDefaults.csproj", "{DB7A3AC1-6E4F-4805-B710-2FCD1084E96E}"
EndProject
Project("{9A19103F-16F7-4668-BE54-9A1E7A4F7556}") = "Aspire-StarterApplication.1.ApiService", "Aspire-StarterApplication.1.ApiService\Aspire-StarterApplication.1.ApiService.csproj", "{9FEB877E-015D-4E20-AE63-06C596E242E4}"
EndProject
#if (TestFx != 'None')
Project("{9A19103F-16F7-4668-BE54-9A1E7A4F7556}") = "Aspire-StarterApplication.1.Tests", "Aspire-StarterApplication.1.Tests\Aspire-StarterApplication.1.Tests.csproj", "{BAAC2850-FDA3-40E4-8D41-6E024DDBC980}"
EndProject
#endif
Project("{9A19103F-16F7-4668-BE54-9A1E7A4F7556}") = "Aspire-StarterApplication.1.Web", "Aspire-StarterApplication.1.Web\Aspire-StarterApplication.1.Web.csproj", "{AC2DB38C-F5AD-4CEF-BC4C-04AE6EE86C9F}"
EndProject
Global
	GlobalSection(SolutionConfigurationPlatforms) = preSolution
		Debug|Any CPU = Debug|Any CPU
		Release|Any CPU = Release|Any CPU
	EndGlobalSection
	GlobalSection(ProjectConfigurationPlatforms) = postSolution
		{80B24B1B-1E78-4FCB-BDC9-13678F1789F4}.Debug|Any CPU.ActiveCfg = Debug|Any CPU
		{80B24B1B-1E78-4FCB-BDC9-13678F1789F4}.Debug|Any CPU.Build.0 = Debug|Any CPU
		{80B24B1B-1E78-4FCB-BDC9-13678F1789F4}.Release|Any CPU.ActiveCfg = Release|Any CPU
		{80B24B1B-1E78-4FCB-BDC9-13678F1789F4}.Release|Any CPU.Build.0 = Release|Any CPU
		{DB7A3AC1-6E4F-4805-B710-2FCD1084E96E}.Debug|Any CPU.ActiveCfg = Debug|Any CPU
		{DB7A3AC1-6E4F-4805-B710-2FCD1084E96E}.Debug|Any CPU.Build.0 = Debug|Any CPU
		{DB7A3AC1-6E4F-4805-B710-2FCD1084E96E}.Release|Any CPU.ActiveCfg = Release|Any CPU
		{DB7A3AC1-6E4F-4805-B710-2FCD1084E96E}.Release|Any CPU.Build.0 = Release|Any CPU
		{9FEB877E-015D-4E20-AE63-06C596E242E4}.Debug|Any CPU.ActiveCfg = Debug|Any CPU
		{9FEB877E-015D-4E20-AE63-06C596E242E4}.Debug|Any CPU.Build.0 = Debug|Any CPU
		{9FEB877E-015D-4E20-AE63-06C596E242E4}.Release|Any CPU.ActiveCfg = Release|Any CPU
		{9FEB877E-015D-4E20-AE63-06C596E242E4}.Release|Any CPU.Build.0 = Release|Any CPU
#if (TestFx != 'None')
		{BAAC2850-FDA3-40E4-8D41-6E024DDBC980}.Debug|Any CPU.ActiveCfg = Debug|Any CPU
		{BAAC2850-FDA3-40E4-8D41-6E024DDBC980}.Debug|Any CPU.Build.0 = Debug|Any CPU
		{BAAC2850-FDA3-40E4-8D41-6E024DDBC980}.Release|Any CPU.ActiveCfg = Release|Any CPU
		{BAAC2850-FDA3-40E4-8D41-6E024DDBC980}.Release|Any CPU.Build.0 = Release|Any CPU
#endif
		{AC2DB38C-F5AD-4CEF-BC4C-04AE6EE86C9F}.Debug|Any CPU.ActiveCfg = Debug|Any CPU
		{AC2DB38C-F5AD-4CEF-BC4C-04AE6EE86C9F}.Debug|Any CPU.Build.0 = Debug|Any CPU
		{AC2DB38C-F5AD-4CEF-BC4C-04AE6EE86C9F}.Release|Any CPU.ActiveCfg = Release|Any CPU
		{AC2DB38C-F5AD-4CEF-BC4C-04AE6EE86C9F}.Release|Any CPU.Build.0 = Release|Any CPU
	EndGlobalSection
	GlobalSection(SolutionProperties) = preSolution
		HideSolutionNode = FALSE
	EndGlobalSection
	GlobalSection(ExtensibilityGlobals) = postSolution
		SolutionGuid = {EB6E56D3-85C9-43D0-A65C-775F4C780950}
	EndGlobalSection
EndGlobal
