Microsoft Visual Studio Solution File, Format Version 12.00
# Visual Studio Version 17
VisualStudioVersion = 17.5.2.0
MinimumVisualStudioVersion = 10.0.40219.1
Project("{FAE04EC0-301F-11D3-BF4B-00C04F79EFBC}") = "FoundryAgentEnterprise.AppHost", "FoundryAgentEnterprise.AppHost\FoundryAgentEnterprise.AppHost.csproj", "{95384C6D-9704-E43F-32B0-330CB43D223B}"
EndProject
Global
	GlobalSection(SolutionConfigurationPlatforms) = preSolution
		Debug|Any CPU = Debug|Any CPU
		Release|Any CPU = Release|Any CPU
	EndGlobalSection
	GlobalSection(ProjectConfigurationPlatforms) = postSolution
		{95384C6D-9704-E43F-32B0-330CB43D223B}.Debug|Any CPU.ActiveCfg = Debug|Any CPU
		{95384C6D-9704-E43F-32B0-330CB43D223B}.Debug|Any CPU.Build.0 = Debug|Any CPU
		{95384C6D-9704-E43F-32B0-330CB43D223B}.Release|Any CPU.ActiveCfg = Release|Any CPU
		{95384C6D-9704-E43F-32B0-330CB43D223B}.Release|Any CPU.Build.0 = Release|Any CPU
	EndGlobalSection
	GlobalSection(SolutionProperties) = preSolution
		HideSolutionNode = FALSE
	EndGlobalSection
	GlobalSection(ExtensibilityGlobals) = postSolution
		SolutionGuid = {DB3B963E-C8C8-4FF4-A1DD-9A63344D90F5}
	EndGlobalSection
EndGlobal
