Microsoft Visual Studio Solution File, Format Version 12.00
# Visual Studio Version 17
VisualStudioVersion = 17.5.2.0
MinimumVisualStudioVersion = 10.0.40219.1
Project("{FAE04EC0-301F-11D3-BF4B-00C04F79EFBC}") = "Aspire.Hosting.Azure.AIFoundry", "Aspire.Hosting.Azure.AIFoundry.csproj", "{FAAFF50C-5FAF-DD57-0B46-7A9CA7164158}"
EndProject
Global
	GlobalSection(SolutionConfigurationPlatforms) = preSolution
		Debug|Any CPU = Debug|Any CPU
		Release|Any CPU = Release|Any CPU
	EndGlobalSection
	GlobalSection(ProjectConfigurationPlatforms) = postSolution
		{FAAFF50C-5FAF-DD57-0B46-7A9CA7164158}.Debug|Any CPU.ActiveCfg = Debug|Any CPU
		{FAAFF50C-5FAF-DD57-0B46-7A9CA7164158}.Debug|Any CPU.Build.0 = Debug|Any CPU
		{FAAFF50C-5FAF-DD57-0B46-7A9CA7164158}.Release|Any CPU.ActiveCfg = Release|Any CPU
		{FAAFF50C-5FAF-DD57-0B46-7A9CA7164158}.Release|Any CPU.Build.0 = Release|Any CPU
	EndGlobalSection
	GlobalSection(SolutionProperties) = preSolution
		HideSolutionNode = FALSE
	EndGlobalSection
	GlobalSection(ExtensibilityGlobals) = postSolution
		SolutionGuid = {9550351A-7996-4F7E-A03C-873837EFC94E}
	EndGlobalSection
EndGlobal
